{
    "_meta": {
        "hash": {
            "sha256": "9909f0502e8c0aa79ba3d2c7c03ecc0895a230fd71bb4ef77d3794ef3906b04b"
        },
        "pipfile-spec": 6,
        "requires": {
            "python_version": "3.10"
        },
        "sources": [
            {
                "name": "pypi",
                "url": "https://pypi.org/simple",
                "verify_ssl": true
            }
        ]
    },
    "default": {
        "waitress": {
            "hashes": [
                "sha256:c549f5b2b4afd44d9d97d7cec79f3ef581e25d832827f415dc175327af674aa8",
                "sha256:e2e60576cf14a1539da79f7b7ee1e79a71e64f366a0b47db54a15e971f57bb16"
            ],
            "index": "pypi",
            "version": "==2.1.1"
        }
    },
    "develop": {}
}
